
Microsoft Visual Studio Solution File, Format Version 12.00
# Visual Studio Version 17
VisualStudioVersion = 17.13.35913.81
MinimumVisualStudioVersion = 10.0.40219.1
Project("{FAE04EC0-301F-11D3-BF4B-00C04F79EFBC}") = "Sistemaserviciostaller", "Sistemaserviciostaller\Sistemaserviciostaller.csproj", "{3783AB0B-B64A-4C4F-A807-EEE8DFB3430B}"
EndProject
Global
	GlobalSection(SolutionConfigurationPlatforms) = preSolution
		Debug|Any CPU = Debug|Any CPU
		Release|Any CPU = Release|Any CPU
	EndGlobalSection
	GlobalSection(ProjectConfigurationPlatforms) = postSolution
		{3783AB0B-B64A-4C4F-A807-EEE8DFB3430B}.Debug|Any CPU.ActiveCfg = Debug|Any CPU
		{3783AB0B-B64A-4C4F-A807-EEE8DFB3430B}.Debug|Any CPU.Build.0 = Debug|Any CPU
		{3783AB0B-B64A-4C4F-A807-EEE8DFB3430B}.Release|Any CPU.ActiveCfg = Release|Any CPU
		{3783AB0B-B64A-4C4F-A807-EEE8DFB3430B}.Release|Any CPU.Build.0 = Release|Any CPU
	EndGlobalSection
	GlobalSection(SolutionProperties) = preSolution
		HideSolutionNode = FALSE
	EndGlobalSection
	GlobalSection(ExtensibilityGlobals) = postSolution
		SolutionGuid = {B5275865-5C13-4121-A570-D85F898DD872}
	EndGlobalSection
EndGlobal
